
Microsoft Visual Studio Solution File, Format Version 12.00
# Visual Studio Version 17
VisualStudioVersion = 17.14.36414.22 d17.14
MinimumVisualStudioVersion = 10.0.40219.1
Project("{FAE04EC0-301F-11D3-BF4B-00C04F79EFBC}") = "ProjectAurora", "ProjectAurora\ProjectAurora.csproj", "{5511093B-CDA5-4207-80F0-63A6B753B850}"
EndProject
Global
	GlobalSection(SolutionConfigurationPlatforms) = preSolution
		Debug|Any CPU = Debug|Any CPU
		Release|Any CPU = Release|Any CPU
	EndGlobalSection
	GlobalSection(ProjectConfigurationPlatforms) = postSolution
		{5511093B-CDA5-4207-80F0-63A6B753B850}.Debug|Any CPU.ActiveCfg = Debug|Any CPU
		{5511093B-CDA5-4207-80F0-63A6B753B850}.Debug|Any CPU.Build.0 = Debug|Any CPU
		{5511093B-CDA5-4207-80F0-63A6B753B850}.Release|Any CPU.ActiveCfg = Release|Any CPU
		{5511093B-CDA5-4207-80F0-63A6B753B850}.Release|Any CPU.Build.0 = Release|Any CPU
	EndGlobalSection
	GlobalSection(SolutionProperties) = preSolution
		HideSolutionNode = FALSE
	EndGlobalSection
	GlobalSection(ExtensibilityGlobals) = postSolution
		SolutionGuid = {DF95FC0A-B803-4FA3-9693-5067CA002905}
	EndGlobalSection
EndGlobal
